{
  "requires": true,
  "lockfileVersion": 1,
  "dependencies": {
    "@fortawesome/fontawesome-free": {
      "version": "5.14.0",
      "resolved": "https://registry.npmjs.org/@fortawesome/fontawesome-free/-/fontawesome-free-5.14.0.tgz",
      "integrity": "sha512-OfdMsF+ZQgdKHP9jUbmDcRrP0eX90XXrsXIdyjLbkmSBzmMXPABB8eobUJtivaupucYaByz6WNe1PI1JuYm3qA=="
    },
    "patternomaly": {
      "version": "1.3.2",
      "resolved": "https://registry.npmjs.org/patternomaly/-/patternomaly-1.3.2.tgz",
      "integrity": "sha512-70UhA5+ZrnNgdfDBKXIGbMHpP+naTzfx9vPT4KwIdhtWWs0x6FWZRJQMXXhV2jcK0mxl28FA/2LPAKArNG058Q=="
    },
    "progressbar.js": {
      "version": "1.1.0",
      "resolved": "https://registry.npmjs.org/progressbar.js/-/progressbar.js-1.1.0.tgz",
      "integrity": "sha512-K68/xcyXKo2I6T3PfIkXrRaycxROmWeU4bugb49iulWR25cU94PM0cfZ47S0jDhG5K3vPhZwCOy1fgb5Pgh6UQ==",
      "requires": {
        "shifty": "^2.1.2"
      }
    },
    "shifty": {
      "version": "2.9.1",
      "resolved": "https://registry.npmjs.org/shifty/-/shifty-2.9.1.tgz",
      "integrity": "sha512-vo9ruo+r214O3QDyoCDzBjQ65lXm0L1fL8HMZG/SA80RdP68eSxj/4yaTj6XdLsMRjdB/H9igApx9w8Wr3jTjQ=="
    }
  }
}
